// !$*UTF8*$!
{
	archiveVersion = 1;
	classes = {
	};
	objectVersion = 50;
	objects = {

/* Begin PBXBuildFile section */
		CD06BF9E26E80753005D7853 /* Assets.xcassets in Resources */ = {isa = PBXBuildFile; fileRef = CD06BF9D26E80753005D7853 /* Assets.xcassets */; };
		CD06BFB426E80800005D7853 /* main.c in Sources */ = {isa = PBXBuildFile; fileRef = CD06BFB326E80800005D7853 /* main.c */; };
		CD06BFB726E80874005D7853 /* zozor.bmp in Resources */ = {isa = PBXBuildFile; fileRef = CD06BFB626E80874005D7853 /* zozor.bmp */; };
		CD06BFB926E808BC005D7853 /* caisse.ico in Resources */ = {isa = PBXBuildFile; fileRef = CD06BFB826E808BC005D7853 /* caisse.ico */; };
		CD15FD7126E9083F0023C7C0 /* SDL2.framework in Frameworks */ = {isa = PBXBuildFile; fileRef = CD06BFAC26E807B8005D7853 /* SDL2.framework */; };
		CD15FD7226E9083F0023C7C0 /* SDL2.framework in Embed Frameworks */ = {isa = PBXBuildFile; fileRef = CD06BFAC26E807B8005D7853 /* SDL2.framework */; settings = {ATTRIBUTES = (CodeSignOnCopy, RemoveHeadersOnCopy, ); }; };
		CDD5029D26EA56180014DE06 /* SDL2_ttf.framework in Frameworks */ = {isa = PBXBuildFile; fileRef = CDD5029C26EA56180014DE06 /* SDL2_ttf.framework */; };
		CDD5029F26EA57E70014DE06 /* SDL2_image.framework in Frameworks */ = {isa = PBXBuildFile; fileRef = CDD5029E26EA57E70014DE06 /* SDL2_image.framework */; };
		CDD502A226EA5E8C0014DE06 /* angelina.TTF in Resources */ = {isa = PBXBuildFile; fileRef = CDD502A126EA5E8C0014DE06 /* angelina.TTF */; };
/* End PBXBuildFile section */

/* Begin PBXCopyFilesBuildPhase section */
		CD06BFAF26E807B9005D7853 /* Embed Frameworks */ = {
			isa = PBXCopyFilesBuildPhase;
			buildActionMask = 2147483647;
			dstPath = "";
			dstSubfolderSpec = 10;
			files = (
				CD15FD7226E9083F0023C7C0 /* SDL2.framework in Embed Frameworks */,
			);
			name = "Embed Frameworks";
			runOnlyForDeploymentPostprocessing = 0;
		};
/* End PBXCopyFilesBuildPhase section */

/* Begin PBXFileReference section */
		CD06BF9726E80752005D7853 /* SDL_Time.app */ = {isa = PBXFileReference; explicitFileType = wrapper.application; includeInIndex = 0; path = SDL_Time.app; sourceTree = BUILT_PRODUCTS_DIR; };
		CD06BF9D26E80753005D7853 /* Assets.xcassets */ = {isa = PBXFileReference; lastKnownFileType = folder.assetcatalog; path = Assets.xcassets; sourceTree = "<group>"; };
		CD06BFA226E80753005D7853 /* Info.plist */ = {isa = PBXFileReference; lastKnownFileType = text.plist.xml; path = Info.plist; sourceTree = "<group>"; };
		CD06BFA526E80753005D7853 /* SDL_Time.entitlements */ = {isa = PBXFileReference; lastKnownFileType = text.plist.entitlements; path = SDL_Time.entitlements; sourceTree = "<group>"; };
		CD06BFAC26E807B8005D7853 /* SDL2.framework */ = {isa = PBXFileReference; lastKnownFileType = wrapper.framework; name = SDL2.framework; path = ../../../../../../Library/Frameworks/SDL2.framework; sourceTree = "<group>"; };
		CD06BFB326E80800005D7853 /* main.c */ = {isa = PBXFileReference; lastKnownFileType = sourcecode.c.c; path = main.c; sourceTree = "<group>"; };
		CD06BFB626E80874005D7853 /* zozor.bmp */ = {isa = PBXFileReference; lastKnownFileType = image.bmp; path = zozor.bmp; sourceTree = "<group>"; };
		CD06BFB826E808BC005D7853 /* caisse.ico */ = {isa = PBXFileReference; lastKnownFileType = image.ico; path = caisse.ico; sourceTree = "<group>"; };
		CDD5029C26EA56180014DE06 /* SDL2_ttf.framework */ = {isa = PBXFileReference; lastKnownFileType = wrapper.framework; path = SDL2_ttf.framework; sourceTree = "<group>"; };
		CDD5029E26EA57E70014DE06 /* SDL2_image.framework */ = {isa = PBXFileReference; lastKnownFileType = wrapper.framework; path = SDL2_image.framework; sourceTree = "<group>"; };
		CDD502A126EA5E8C0014DE06 /* angelina.TTF */ = {isa = PBXFileReference; lastKnownFileType = file; path = angelina.TTF; sourceTree = "<group>"; };
/* End PBXFileReference section */

/* Begin PBXFrameworksBuildPhase section */
		CD06BF9426E80752005D7853 /* Frameworks */ = {
			isa = PBXFrameworksBuildPhase;
			buildActionMask = 2147483647;
			files = (
				CDD5029F26EA57E70014DE06 /* SDL2_image.framework in Frameworks */,
				CD15FD7126E9083F0023C7C0 /* SDL2.framework in Frameworks */,
				CDD5029D26EA56180014DE06 /* SDL2_ttf.framework in Frameworks */,
			);
			runOnlyForDeploymentPostprocessing = 0;
		};
/* End PBXFrameworksBuildPhase section */

/* Begin PBXGroup section */
		CD06BF8E26E80752005D7853 = {
			isa = PBXGroup;
			children = (
				CDD502A026EA5D390014DE06 /* Polices */,
				CD06BFB526E80846005D7853 /* Images */,
				CD06BF9926E80752005D7853 /* SDL_Time */,
				CD06BF9826E80752005D7853 /* Products */,
				CD06BFAB26E807B8005D7853 /* Frameworks */,
			);
			sourceTree = "<group>";
		};
		CD06BF9826E80752005D7853 /* Products */ = {
			isa = PBXGroup;
			children = (
				CD06BF9726E80752005D7853 /* SDL_Time.app */,
			);
			name = Products;
			sourceTree = "<group>";
		};
		CD06BF9926E80752005D7853 /* SDL_Time */ = {
			isa = PBXGroup;
			children = (
				CD06BF9D26E80753005D7853 /* Assets.xcassets */,
				CD06BFA226E80753005D7853 /* Info.plist */,
				CD06BFA526E80753005D7853 /* SDL_Time.entitlements */,
				CD06BFB326E80800005D7853 /* main.c */,
			);
			path = SDL_Time;
			sourceTree = "<group>";
		};
		CD06BFAB26E807B8005D7853 /* Frameworks */ = {
			isa = PBXGroup;
			children = (
				CDD5029C26EA56180014DE06 /* SDL2_ttf.framework */,
				CDD5029E26EA57E70014DE06 /* SDL2_image.framework */,
				CD06BFAC26E807B8005D7853 /* SDL2.framework */,
			);
			name = Frameworks;
			sourceTree = "<group>";
		};
		CD06BFB526E80846005D7853 /* Images */ = {
			isa = PBXGroup;
			children = (
				CD06BFB826E808BC005D7853 /* caisse.ico */,
				CD06BFB626E80874005D7853 /* zozor.bmp */,
			);
			path = Images;
			sourceTree = "<group>";
		};
		CDD502A026EA5D390014DE06 /* Polices */ = {
			isa = PBXGroup;
			children = (
				CDD502A126EA5E8C0014DE06 /* angelina.TTF */,
			);
			path = Polices;
			sourceTree = "<group>";
		};
/* End PBXGroup section */

/* Begin PBXNativeTarget section */
		CD06BF9626E80752005D7853 /* SDL_Time */ = {
			isa = PBXNativeTarget;
			buildConfigurationList = CD06BFA826E80753005D7853 /* Build configuration list for PBXNativeTarget "SDL_Time" */;
			buildPhases = (
				CD06BF9326E80752005D7853 /* Sources */,
				CD06BF9426E80752005D7853 /* Frameworks */,
				CD06BF9526E80752005D7853 /* Resources */,
				CD06BFAF26E807B9005D7853 /* Embed Frameworks */,
			);
			buildRules = (
			);
			dependencies = (
			);
			name = SDL_Time;
			productName = SDL_Time;
			productReference = CD06BF9726E80752005D7853 /* SDL_Time.app */;
			productType = "com.apple.product-type.application";
		};
/* End PBXNativeTarget section */

/* Begin PBXProject section */
		CD06BF8F26E80752005D7853 /* Project object */ = {
			isa = PBXProject;
			attributes = {
				LastUpgradeCheck = 1250;
				TargetAttributes = {
					CD06BF9626E80752005D7853 = {
						CreatedOnToolsVersion = 12.5.1;
					};
				};
			};
			buildConfigurationList = CD06BF9226E80752005D7853 /* Build configuration list for PBXProject "SDL_Time" */;
			compatibilityVersion = "Xcode 9.3";
			developmentRegion = en;
			hasScannedForEncodings = 0;
			knownRegions = (
				en,
				Base,
			);
			mainGroup = CD06BF8E26E80752005D7853;
			productRefGroup = CD06BF9826E80752005D7853 /* Products */;
			projectDirPath = "";
			projectRoot = "";
			targets = (
				CD06BF9626E80752005D7853 /* SDL_Time */,
			);
		};
/* End PBXProject section */

/* Begin PBXResourcesBuildPhase section */
		CD06BF9526E80752005D7853 /* Resources */ = {
			isa = PBXResourcesBuildPhase;
			buildActionMask = 2147483647;
			files = (
				CD06BFB726E80874005D7853 /* zozor.bmp in Resources */,
				CD06BFB926E808BC005D7853 /* caisse.ico in Resources */,
				CD06BF9E26E80753005D7853 /* Assets.xcassets in Resources */,
				CDD502A226EA5E8C0014DE06 /* angelina.TTF in Resources */,
			);
			runOnlyForDeploymentPostprocessing = 0;
		};
/* End PBXResourcesBuildPhase section */

/* Begin PBXSourcesBuildPhase section */
		CD06BF9326E80752005D7853 /* Sources */ = {
			isa = PBXSourcesBuildPhase;
			buildActionMask = 2147483647;
			files = (
				CD06BFB426E80800005D7853 /* main.c in Sources */,
			);
			runOnlyForDeploymentPostprocessing = 0;
		};
/* End PBXSourcesBuildPhase section */

/* Begin XCBuildConfiguration section */
		CD06BFA626E80753005D7853 /* Debug */ = {
			isa = XCBuildConfiguration;
			buildSettings = {
				ALWAYS_SEARCH_USER_PATHS = NO;
				CLANG_ANALYZER_NONNULL = YES;
				CLANG_ANALYZER_NUMBER_OBJECT_CONVERSION = YES_AGGRESSIVE;
				CLANG_CXX_LANGUAGE_STANDARD = "gnu++14";
				CLANG_CXX_LIBRARY = "libc++";
				CLANG_ENABLE_MODULES = YES;
				CLANG_ENABLE_OBJC_ARC = YES;
				CLANG_ENABLE_OBJC_WEAK = YES;
				CLANG_WARN_BLOCK_CAPTURE_AUTORELEASING = YES;
				CLANG_WARN_BOOL_CONVERSION = YES;
				CLANG_WARN_COMMA = YES;
				CLANG_WARN_CONSTANT_CONVERSION = YES;
				CLANG_WARN_DEPRECATED_OBJC_IMPLEMENTATIONS = YES;
				CLANG_WARN_DIRECT_OBJC_ISA_USAGE = YES_ERROR;
				CLANG_WARN_DOCUMENTATION_COMMENTS = YES;
				CLANG_WARN_EMPTY_BODY = YES;
				CLANG_WARN_ENUM_CONVERSION = YES;
				CLANG_WARN_INFINITE_RECURSION = YES;
				CLANG_WARN_INT_CONVERSION = YES;
				CLANG_WARN_NON_LITERAL_NULL_CONVERSION = YES;
				CLANG_WARN_OBJC_IMPLICIT_RETAIN_SELF = YES;
				CLANG_WARN_OBJC_LITERAL_CONVERSION = YES;
				CLANG_WARN_OBJC_ROOT_CLASS = YES_ERROR;
				CLANG_WARN_QUOTED_INCLUDE_IN_FRAMEWORK_HEADER = YES;
				CLANG_WARN_RANGE_LOOP_ANALYSIS = YES;
				CLANG_WARN_STRICT_PROTOTYPES = YES;
				CLANG_WARN_SUSPICIOUS_MOVE = YES;
				CLANG_WARN_UNGUARDED_AVAILABILITY = YES_AGGRESSIVE;
				CLANG_WARN_UNREACHABLE_CODE = YES;
				CLANG_WARN__DUPLICATE_METHOD_MATCH = YES;
				COPY_PHASE_STRIP = NO;
				DEBUG_INFORMATION_FORMAT = dwarf;
				ENABLE_STRICT_OBJC_MSGSEND = YES;
				ENABLE_TESTABILITY = YES;
				GCC_C_LANGUAGE_STANDARD = gnu11;
				GCC_DYNAMIC_NO_PIC = NO;
				GCC_NO_COMMON_BLOCKS = YES;
				GCC_OPTIMIZATION_LEVEL = 0;
				GCC_PREPROCESSOR_DEFINITIONS = (
					"DEBUG=1",
					"$(inherited)",
				);
				GCC_WARN_64_TO_32_BIT_CONVERSION = YES;
				GCC_WARN_ABOUT_RETURN_TYPE = YES_ERROR;
				GCC_WARN_UNDECLARED_SELECTOR = YES;
				GCC_WARN_UNINITIALIZED_AUTOS = YES_AGGRESSIVE;
				GCC_WARN_UNUSED_FUNCTION = YES;
				GCC_WARN_UNUSED_VARIABLE = YES;
				MACOSX_DEPLOYMENT_TARGET = 11.3;
				MTL_ENABLE_DEBUG_INFO = INCLUDE_SOURCE;
				MTL_FAST_MATH = YES;
				ONLY_ACTIVE_ARCH = YES;
				SDKROOT = macosx;
			};
			name = Debug;
		};
		CD06BFA726E80753005D7853 /* Release */ = {
			isa = XCBuildConfiguration;
			buildSettings = {
				ALWAYS_SEARCH_USER_PATHS = NO;
				CLANG_ANALYZER_NONNULL = YES;
				CLANG_ANALYZER_NUMBER_OBJECT_CONVERSION = YES_AGGRESSIVE;
				CLANG_CXX_LANGUAGE_STANDARD = "gnu++14";
				CLANG_CXX_LIBRARY = "libc++";
				CLANG_ENABLE_MODULES = YES;
				CLANG_ENABLE_OBJC_ARC = YES;
				CLANG_ENABLE_OBJC_WEAK = YES;
				CLANG_WARN_BLOCK_CAPTURE_AUTORELEASING = YES;
				CLANG_WARN_BOOL_CONVERSION = YES;
				CLANG_WARN_COMMA = YES;
				CLANG_WARN_CONSTANT_CONVERSION = YES;
				CLANG_WARN_DEPRECATED_OBJC_IMPLEMENTATIONS = YES;
				CLANG_WARN_DIRECT_OBJC_ISA_USAGE = YES_ERROR;
				CLANG_WARN_DOCUMENTATION_COMMENTS = YES;
				CLANG_WARN_EMPTY_BODY = YES;
				CLANG_WARN_ENUM_CONVERSION = YES;
				CLANG_WARN_INFINITE_RECURSION = YES;
				CLANG_WARN_INT_CONVERSION = YES;
				CLANG_WARN_NON_LITERAL_NULL_CONVERSION = YES;
				CLANG_WARN_OBJC_IMPLICIT_RETAIN_SELF = YES;
				CLANG_WARN_OBJC_LITERAL_CONVERSION = YES;
				CLANG_WARN_OBJC_ROOT_CLASS = YES_ERROR;
				CLANG_WARN_QUOTED_INCLUDE_IN_FRAMEWORK_HEADER = YES;
				CLANG_WARN_RANGE_LOOP_ANALYSIS = YES;
				CLANG_WARN_STRICT_PROTOTYPES = YES;
				CLANG_WARN_SUSPICIOUS_MOVE = YES;
				CLANG_WARN_UNGUARDED_AVAILABILITY = YES_AGGRESSIVE;
				CLANG_WARN_UNREACHABLE_CODE = YES;
				CLANG_WARN__DUPLICATE_METHOD_MATCH = YES;
				COPY_PHASE_STRIP = NO;
				DEBUG_INFORMATION_FORMAT = "dwarf-with-dsym";
				ENABLE_NS_ASSERTIONS = NO;
				ENABLE_STRICT_OBJC_MSGSEND = YES;
				GCC_C_LANGUAGE_STANDARD = gnu11;
				GCC_NO_COMMON_BLOCKS = YES;
				GCC_WARN_64_TO_32_BIT_CONVERSION = YES;
				GCC_WARN_ABOUT_RETURN_TYPE = YES_ERROR;
				GCC_WARN_UNDECLARED_SELECTOR = YES;
				GCC_WARN_UNINITIALIZED_AUTOS = YES_AGGRESSIVE;
				GCC_WARN_UNUSED_FUNCTION = YES;
				GCC_WARN_UNUSED_VARIABLE = YES;
				MACOSX_DEPLOYMENT_TARGET = 11.3;
				MTL_ENABLE_DEBUG_INFO = NO;
				MTL_FAST_MATH = YES;
				SDKROOT = macosx;
			};
			name = Release;
		};
		CD06BFA926E80753005D7853 /* Debug */ = {
			isa = XCBuildConfiguration;
			buildSettings = {
				ASSETCATALOG_COMPILER_APPICON_NAME = AppIcon;
				ASSETCATALOG_COMPILER_GLOBAL_ACCENT_COLOR_NAME = AccentColor;
				CLANG_WARN_QUOTED_INCLUDE_IN_FRAMEWORK_HEADER = NO;
				CODE_SIGN_ENTITLEMENTS = SDL_Time/SDL_Time.entitlements;
				CODE_SIGN_IDENTITY = "-";
				CODE_SIGN_STYLE = Automatic;
				COMBINE_HIDPI_IMAGES = YES;
				DEVELOPMENT_TEAM = "";
				FRAMEWORK_SEARCH_PATHS = (
					"$(inherited)",
					"$(LOCAL_LIBRARY_DIR)/Frameworks",
					"$(PROJECT_DIR)",
				);
				INFOPLIST_FILE = SDL_Time/Info.plist;
				LD_RUNPATH_SEARCH_PATHS = (
					"$(inherited)",
					"@executable_path/../Frameworks",
				);
				OTHER_CODE_SIGN_FLAGS = "";
				PRODUCT_BUNDLE_IDENTIFIER = "Sebastian-Morera.SDL-Time";
				PRODUCT_NAME = "$(TARGET_NAME)";
				PROVISIONING_PROFILE_SPECIFIER = "";
			};
			name = Debug;
		};
		CD06BFAA26E80753005D7853 /* Release */ = {
			isa = XCBuildConfiguration;
			buildSettings = {
				ASSETCATALOG_COMPILER_APPICON_NAME = AppIcon;
				ASSETCATALOG_COMPILER_GLOBAL_ACCENT_COLOR_NAME = AccentColor;
				CLANG_WARN_QUOTED_INCLUDE_IN_FRAMEWORK_HEADER = NO;
				CODE_SIGN_ENTITLEMENTS = SDL_Time/SDL_Time.entitlements;
				CODE_SIGN_IDENTITY = "-";
				CODE_SIGN_STYLE = Automatic;
				COMBINE_HIDPI_IMAGES = YES;
				DEVELOPMENT_TEAM = "";
				FRAMEWORK_SEARCH_PATHS = (
					"$(inherited)",
					"$(LOCAL_LIBRARY_DIR)/Frameworks",
					"$(PROJECT_DIR)",
				);
				INFOPLIST_FILE = SDL_Time/Info.plist;
				LD_RUNPATH_SEARCH_PATHS = (
					"$(inherited)",
					"@executable_path/../Frameworks",
				);
				OTHER_CODE_SIGN_FLAGS = "";
				PRODUCT_BUNDLE_IDENTIFIER = "Sebastian-Morera.SDL-Time";
				PRODUCT_NAME = "$(TARGET_NAME)";
				PROVISIONING_PROFILE_SPECIFIER = "";
			};
			name = Release;
		};
/* End XCBuildConfiguration section */

/* Begin XCConfigurationList section */
		CD06BF9226E80752005D7853 /* Build configuration list for PBXProject "SDL_Time" */ = {
			isa = XCConfigurationList;
			buildConfigurations = (
				CD06BFA626E80753005D7853 /* Debug */,
				CD06BFA726E80753005D7853 /* Release */,
			);
			defaultConfigurationIsVisible = 0;
			defaultConfigurationName = Release;
		};
		CD06BFA826E80753005D7853 /* Build configuration list for PBXNativeTarget "SDL_Time" */ = {
			isa = XCConfigurationList;
			buildConfigurations = (
				CD06BFA926E80753005D7853 /* Debug */,
				CD06BFAA26E80753005D7853 /* Release */,
			);
			defaultConfigurationIsVisible = 0;
			defaultConfigurationName = Release;
		};
/* End XCConfigurationList section */
	};
	rootObject = CD06BF8F26E80752005D7853 /* Project object */;
}
